
Microsoft Visual Studio Solution File, Format Version 12.00
# Visual Studio 15
VisualStudioVersion = 15.0.26730.10
MinimumVisualStudioVersion = 10.0.40219.1
Project("{888888A0-9F3D-457C-B088-3A5042F75D52}") = "pyNBIoT", "pyNBIoT\pyNBIoT.pyproj", "{1D41B443-E543-4C1F-B49C-C4BA67FB2775}"
EndProject
Global
	GlobalSection(SolutionConfigurationPlatforms) = preSolution
		Debug|Any CPU = Debug|Any CPU
		Release|Any CPU = Release|Any CPU
	EndGlobalSection
	GlobalSection(ProjectConfigurationPlatforms) = postSolution
		{1D41B443-E543-4C1F-B49C-C4BA67FB2775}.Debug|Any CPU.ActiveCfg = Debug|Any CPU
		{1D41B443-E543-4C1F-B49C-C4BA67FB2775}.Release|Any CPU.ActiveCfg = Release|Any CPU
	EndGlobalSection
	GlobalSection(SolutionProperties) = preSolution
		HideSolutionNode = FALSE
	EndGlobalSection
	GlobalSection(ExtensibilityGlobals) = postSolution
		SolutionGuid = {DC12BEE0-17C8-482D-893E-F7E188444F6E}
	EndGlobalSection
EndGlobal
